
Microsoft Visual Studio Solution File, Format Version 12.00
# Visual Studio Version 17
VisualStudioVersion = 17.14.36408.4 d17.14
MinimumVisualStudioVersion = 10.0.40219.1
Project("{FAE04EC0-301F-11D3-BF4B-00C04F79EFBC}") = "Assignment 01 LINQ", "Assignment 01 LINQ\Assignment 01 LINQ.csproj", "{5ED34950-D3A4-431F-B1B8-E64057A8CBBD}"
EndProject
Project("{FAE04EC0-301F-11D3-BF4B-00C04F79EFBC}") = "Demo", "Demo\Demo.csproj", "{16534A1A-46BD-4201-9A4D-C84939BAF4EE}"
EndProject
Global
	GlobalSection(SolutionConfigurationPlatforms) = preSolution
		Debug|Any CPU = Debug|Any CPU
		Release|Any CPU = Release|Any CPU
	EndGlobalSection
	GlobalSection(ProjectConfigurationPlatforms) = postSolution
		{5ED34950-D3A4-431F-B1B8-E64057A8CBBD}.Debug|Any CPU.ActiveCfg = Debug|Any CPU
		{5ED34950-D3A4-431F-B1B8-E64057A8CBBD}.Debug|Any CPU.Build.0 = Debug|Any CPU
		{5ED34950-D3A4-431F-B1B8-E64057A8CBBD}.Release|Any CPU.ActiveCfg = Release|Any CPU
		{5ED34950-D3A4-431F-B1B8-E64057A8CBBD}.Release|Any CPU.Build.0 = Release|Any CPU
		{16534A1A-46BD-4201-9A4D-C84939BAF4EE}.Debug|Any CPU.ActiveCfg = Debug|Any CPU
		{16534A1A-46BD-4201-9A4D-C84939BAF4EE}.Debug|Any CPU.Build.0 = Debug|Any CPU
		{16534A1A-46BD-4201-9A4D-C84939BAF4EE}.Release|Any CPU.ActiveCfg = Release|Any CPU
		{16534A1A-46BD-4201-9A4D-C84939BAF4EE}.Release|Any CPU.Build.0 = Release|Any CPU
	EndGlobalSection
	GlobalSection(SolutionProperties) = preSolution
		HideSolutionNode = FALSE
	EndGlobalSection
	GlobalSection(ExtensibilityGlobals) = postSolution
		SolutionGuid = {B3BBA9A5-F362-4ADB-9918-83FFED36656A}
	EndGlobalSection
EndGlobal
